
Microsoft Visual Studio Solution File, Format Version 12.00
# Visual Studio 15
VisualStudioVersion = 15.0.28010.2046
MinimumVisualStudioVersion = 10.0.40219.1
Project("{2150E333-8FDC-42A3-9474-1A3956D46DE8}") = "Common", "Common", "{F292A071-E125-4470-B4FA-F3716DBB08AE}"
EndProject
Project("{2150E333-8FDC-42A3-9474-1A3956D46DE8}") = "ECommerce", "ECommerce", "{2675D661-904B-4FB5-A038-D3AA3768D6DD}"
EndProject
Project("{9A19103F-16F7-4668-BE54-9A1E7A4F7556}") = "Common.DataAccess.EFCore", "Common\Common.DataAccess.EFCore\Common.DataAccess.EFCore.csproj", "{9DD61607-3AC1-4588-BF88-B5BFC2D74016}"
EndProject
Project("{9A19103F-16F7-4668-BE54-9A1E7A4F7556}") = "Common.DTO", "Common\Common.DTO\Common.DTO.csproj", "{761D5AD1-4E58-4267-8F4E-A1A1DB347412}"
EndProject
Project("{9A19103F-16F7-4668-BE54-9A1E7A4F7556}") = "Common.Entities", "Common\Common.Entities\Common.Entities.csproj", "{4C42BA89-A4BD-4B89-804F-FDEC7161A4B0}"
EndProject
Project("{9A19103F-16F7-4668-BE54-9A1E7A4F7556}") = "Common.IdentityManagementCore", "Common\Common.IdentityManagementCore\Common.IdentityManagementCore.csproj", "{120F60C6-2D26-4CF0-92EB-E272852B84E4}"
EndProject
Project("{9A19103F-16F7-4668-BE54-9A1E7A4F7556}") = "Common.Services", "Common\Common.Services\Common.Services.csproj", "{AB3AA925-8430-43CE-AA61-A7757D446CA8}"
EndProject
Project("{9A19103F-16F7-4668-BE54-9A1E7A4F7556}") = "Common.Services.Infrastructure", "Common\Common.Services.Infrastructure\Common.Services.Infrastructure.csproj", "{EF71137D-0D8F-42AF-921B-7E17DB9C9314}"
EndProject
Project("{9A19103F-16F7-4668-BE54-9A1E7A4F7556}") = "Common.Utils", "Common\Common.Utils\Common.Utils.csproj", "{506326A4-4B9F-41D8-8079-D48CDEA01194}"
EndProject
Project("{9A19103F-16F7-4668-BE54-9A1E7A4F7556}") = "Common.WebApiCore", "Common\Common.WebApiCore\Common.WebApiCore.csproj", "{C54441A9-3D95-4BFB-BCB2-099F434683CC}"
EndProject
Project("{9A19103F-16F7-4668-BE54-9A1E7A4F7556}") = "ECommerce.DataAccess.EFCore", "ECommerce\ECommerce.DataAccess.EFCore\ECommerce.DataAccess.EFCore.csproj", "{F7C2A80D-195C-4559-8DAE-4025E02350C5}"
EndProject
Project("{9A19103F-16F7-4668-BE54-9A1E7A4F7556}") = "ECommerce.DIContainerCore", "ECommerce\ECommerce.DIContainerCore\ECommerce.DIContainerCore.csproj", "{82C4580A-06BA-473D-8DBA-7C625E7406C0}"
EndProject
Project("{9A19103F-16F7-4668-BE54-9A1E7A4F7556}") = "ECommerce.DTO", "ECommerce\ECommerce.DTO\ECommerce.DTO.csproj", "{EC28809E-1EB2-43C9-AD4B-3AE3C4463BF0}"
EndProject
Project("{9A19103F-16F7-4668-BE54-9A1E7A4F7556}") = "ECommerce.Entities", "ECommerce\ECommerce.Entities\ECommerce.Entities.csproj", "{C4C1FF93-D6F0-4373-B2FD-CDED2CCEE182}"
EndProject
Project("{9A19103F-16F7-4668-BE54-9A1E7A4F7556}") = "ECommerce.Services", "ECommerce\ECommerce.Services\ECommerce.Services.csproj", "{38EFFB04-C8CE-4A0F-AC9B-E756213B7521}"
EndProject
Project("{9A19103F-16F7-4668-BE54-9A1E7A4F7556}") = "ECommerce.Services.Infrastructure", "ECommerce\ECommerce.Services.Infrastructure\ECommerce.Services.Infrastructure.csproj", "{C5E62B6C-3D8D-4749-869D-C3BCB1E764A4}"
EndProject
Project("{9A19103F-16F7-4668-BE54-9A1E7A4F7556}") = "ECommerce.WebApiCore", "ECommerce\ECommerce.WebApiCore\ECommerce.WebApiCore.csproj", "{6A6483CE-CA28-42D7-9FFC-515034F155FA}"
EndProject
Global
	GlobalSection(SolutionConfigurationPlatforms) = preSolution
		Debug|Any CPU = Debug|Any CPU
		Release|Any CPU = Release|Any CPU
	EndGlobalSection
	GlobalSection(ProjectConfigurationPlatforms) = postSolution
		{9DD61607-3AC1-4588-BF88-B5BFC2D74016}.Debug|Any CPU.ActiveCfg = Debug|Any CPU
		{9DD61607-3AC1-4588-BF88-B5BFC2D74016}.Debug|Any CPU.Build.0 = Debug|Any CPU
		{9DD61607-3AC1-4588-BF88-B5BFC2D74016}.Release|Any CPU.ActiveCfg = Release|Any CPU
		{9DD61607-3AC1-4588-BF88-B5BFC2D74016}.Release|Any CPU.Build.0 = Release|Any CPU
		{761D5AD1-4E58-4267-8F4E-A1A1DB347412}.Debug|Any CPU.ActiveCfg = Debug|Any CPU
		{761D5AD1-4E58-4267-8F4E-A1A1DB347412}.Debug|Any CPU.Build.0 = Debug|Any CPU
		{761D5AD1-4E58-4267-8F4E-A1A1DB347412}.Release|Any CPU.ActiveCfg = Release|Any CPU
		{761D5AD1-4E58-4267-8F4E-A1A1DB347412}.Release|Any CPU.Build.0 = Release|Any CPU
		{4C42BA89-A4BD-4B89-804F-FDEC7161A4B0}.Debug|Any CPU.ActiveCfg = Debug|Any CPU
		{4C42BA89-A4BD-4B89-804F-FDEC7161A4B0}.Debug|Any CPU.Build.0 = Debug|Any CPU
		{4C42BA89-A4BD-4B89-804F-FDEC7161A4B0}.Release|Any CPU.ActiveCfg = Release|Any CPU
		{4C42BA89-A4BD-4B89-804F-FDEC7161A4B0}.Release|Any CPU.Build.0 = Release|Any CPU
		{120F60C6-2D26-4CF0-92EB-E272852B84E4}.Debug|Any CPU.ActiveCfg = Debug|Any CPU
		{120F60C6-2D26-4CF0-92EB-E272852B84E4}.Debug|Any CPU.Build.0 = Debug|Any CPU
		{120F60C6-2D26-4CF0-92EB-E272852B84E4}.Release|Any CPU.ActiveCfg = Release|Any CPU
		{120F60C6-2D26-4CF0-92EB-E272852B84E4}.Release|Any CPU.Build.0 = Release|Any CPU
		{AB3AA925-8430-43CE-AA61-A7757D446CA8}.Debug|Any CPU.ActiveCfg = Debug|Any CPU
		{AB3AA925-8430-43CE-AA61-A7757D446CA8}.Debug|Any CPU.Build.0 = Debug|Any CPU
		{AB3AA925-8430-43CE-AA61-A7757D446CA8}.Release|Any CPU.ActiveCfg = Release|Any CPU
		{AB3AA925-8430-43CE-AA61-A7757D446CA8}.Release|Any CPU.Build.0 = Release|Any CPU
		{EF71137D-0D8F-42AF-921B-7E17DB9C9314}.Debug|Any CPU.ActiveCfg = Debug|Any CPU
		{EF71137D-0D8F-42AF-921B-7E17DB9C9314}.Debug|Any CPU.Build.0 = Debug|Any CPU
		{EF71137D-0D8F-42AF-921B-7E17DB9C9314}.Release|Any CPU.ActiveCfg = Release|Any CPU
		{EF71137D-0D8F-42AF-921B-7E17DB9C9314}.Release|Any CPU.Build.0 = Release|Any CPU
		{506326A4-4B9F-41D8-8079-D48CDEA01194}.Debug|Any CPU.ActiveCfg = Debug|Any CPU
		{506326A4-4B9F-41D8-8079-D48CDEA01194}.Debug|Any CPU.Build.0 = Debug|Any CPU
		{506326A4-4B9F-41D8-8079-D48CDEA01194}.Release|Any CPU.ActiveCfg = Release|Any CPU
		{506326A4-4B9F-41D8-8079-D48CDEA01194}.Release|Any CPU.Build.0 = Release|Any CPU
		{C54441A9-3D95-4BFB-BCB2-099F434683CC}.Debug|Any CPU.ActiveCfg = Debug|Any CPU
		{C54441A9-3D95-4BFB-BCB2-099F434683CC}.Debug|Any CPU.Build.0 = Debug|Any CPU
		{C54441A9-3D95-4BFB-BCB2-099F434683CC}.Release|Any CPU.ActiveCfg = Release|Any CPU
		{C54441A9-3D95-4BFB-BCB2-099F434683CC}.Release|Any CPU.Build.0 = Release|Any CPU
		{F7C2A80D-195C-4559-8DAE-4025E02350C5}.Debug|Any CPU.ActiveCfg = Debug|Any CPU
		{F7C2A80D-195C-4559-8DAE-4025E02350C5}.Debug|Any CPU.Build.0 = Debug|Any CPU
		{F7C2A80D-195C-4559-8DAE-4025E02350C5}.Release|Any CPU.ActiveCfg = Release|Any CPU
		{F7C2A80D-195C-4559-8DAE-4025E02350C5}.Release|Any CPU.Build.0 = Release|Any CPU
		{82C4580A-06BA-473D-8DBA-7C625E7406C0}.Debug|Any CPU.ActiveCfg = Debug|Any CPU
		{82C4580A-06BA-473D-8DBA-7C625E7406C0}.Debug|Any CPU.Build.0 = Debug|Any CPU
		{82C4580A-06BA-473D-8DBA-7C625E7406C0}.Release|Any CPU.ActiveCfg = Release|Any CPU
		{82C4580A-06BA-473D-8DBA-7C625E7406C0}.Release|Any CPU.Build.0 = Release|Any CPU
		{EC28809E-1EB2-43C9-AD4B-3AE3C4463BF0}.Debug|Any CPU.ActiveCfg = Debug|Any CPU
		{EC28809E-1EB2-43C9-AD4B-3AE3C4463BF0}.Debug|Any CPU.Build.0 = Debug|Any CPU
		{EC28809E-1EB2-43C9-AD4B-3AE3C4463BF0}.Release|Any CPU.ActiveCfg = Release|Any CPU
		{EC28809E-1EB2-43C9-AD4B-3AE3C4463BF0}.Release|Any CPU.Build.0 = Release|Any CPU
		{C4C1FF93-D6F0-4373-B2FD-CDED2CCEE182}.Debug|Any CPU.ActiveCfg = Debug|Any CPU
		{C4C1FF93-D6F0-4373-B2FD-CDED2CCEE182}.Debug|Any CPU.Build.0 = Debug|Any CPU
		{C4C1FF93-D6F0-4373-B2FD-CDED2CCEE182}.Release|Any CPU.ActiveCfg = Release|Any CPU
		{C4C1FF93-D6F0-4373-B2FD-CDED2CCEE182}.Release|Any CPU.Build.0 = Release|Any CPU
		{38EFFB04-C8CE-4A0F-AC9B-E756213B7521}.Debug|Any CPU.ActiveCfg = Debug|Any CPU
		{38EFFB04-C8CE-4A0F-AC9B-E756213B7521}.Debug|Any CPU.Build.0 = Debug|Any CPU
		{38EFFB04-C8CE-4A0F-AC9B-E756213B7521}.Release|Any CPU.ActiveCfg = Release|Any CPU
		{38EFFB04-C8CE-4A0F-AC9B-E756213B7521}.Release|Any CPU.Build.0 = Release|Any CPU
		{C5E62B6C-3D8D-4749-869D-C3BCB1E764A4}.Debug|Any CPU.ActiveCfg = Debug|Any CPU
		{C5E62B6C-3D8D-4749-869D-C3BCB1E764A4}.Debug|Any CPU.Build.0 = Debug|Any CPU
		{C5E62B6C-3D8D-4749-869D-C3BCB1E764A4}.Release|Any CPU.ActiveCfg = Release|Any CPU
		{C5E62B6C-3D8D-4749-869D-C3BCB1E764A4}.Release|Any CPU.Build.0 = Release|Any CPU
		{6A6483CE-CA28-42D7-9FFC-515034F155FA}.Debug|Any CPU.ActiveCfg = Debug|Any CPU
		{6A6483CE-CA28-42D7-9FFC-515034F155FA}.Debug|Any CPU.Build.0 = Debug|Any CPU
		{6A6483CE-CA28-42D7-9FFC-515034F155FA}.Release|Any CPU.ActiveCfg = Release|Any CPU
		{6A6483CE-CA28-42D7-9FFC-515034F155FA}.Release|Any CPU.Build.0 = Release|Any CPU
	EndGlobalSection
	GlobalSection(SolutionProperties) = preSolution
		HideSolutionNode = FALSE
	EndGlobalSection
	GlobalSection(NestedProjects) = preSolution
		{9DD61607-3AC1-4588-BF88-B5BFC2D74016} = {F292A071-E125-4470-B4FA-F3716DBB08AE}
		{761D5AD1-4E58-4267-8F4E-A1A1DB347412} = {F292A071-E125-4470-B4FA-F3716DBB08AE}
		{4C42BA89-A4BD-4B89-804F-FDEC7161A4B0} = {F292A071-E125-4470-B4FA-F3716DBB08AE}
		{120F60C6-2D26-4CF0-92EB-E272852B84E4} = {F292A071-E125-4470-B4FA-F3716DBB08AE}
		{AB3AA925-8430-43CE-AA61-A7757D446CA8} = {F292A071-E125-4470-B4FA-F3716DBB08AE}
		{EF71137D-0D8F-42AF-921B-7E17DB9C9314} = {F292A071-E125-4470-B4FA-F3716DBB08AE}
		{506326A4-4B9F-41D8-8079-D48CDEA01194} = {F292A071-E125-4470-B4FA-F3716DBB08AE}
		{C54441A9-3D95-4BFB-BCB2-099F434683CC} = {F292A071-E125-4470-B4FA-F3716DBB08AE}
		{F7C2A80D-195C-4559-8DAE-4025E02350C5} = {2675D661-904B-4FB5-A038-D3AA3768D6DD}
		{82C4580A-06BA-473D-8DBA-7C625E7406C0} = {2675D661-904B-4FB5-A038-D3AA3768D6DD}
		{EC28809E-1EB2-43C9-AD4B-3AE3C4463BF0} = {2675D661-904B-4FB5-A038-D3AA3768D6DD}
		{C4C1FF93-D6F0-4373-B2FD-CDED2CCEE182} = {2675D661-904B-4FB5-A038-D3AA3768D6DD}
		{38EFFB04-C8CE-4A0F-AC9B-E756213B7521} = {2675D661-904B-4FB5-A038-D3AA3768D6DD}
		{C5E62B6C-3D8D-4749-869D-C3BCB1E764A4} = {2675D661-904B-4FB5-A038-D3AA3768D6DD}
		{6A6483CE-CA28-42D7-9FFC-515034F155FA} = {2675D661-904B-4FB5-A038-D3AA3768D6DD}
	EndGlobalSection
	GlobalSection(ExtensibilityGlobals) = postSolution
		SolutionGuid = {A24ED681-D7DA-42C7-9A2D-CB36EADC4460}
	EndGlobalSection
EndGlobal
